
Microsoft Visual Studio Solution File, Format Version 12.00
# Visual Studio Version 17
VisualStudioVersion = 17.5.33103.201
MinimumVisualStudioVersion = 10.0.40219.1
Project("{8BC9CEB8-8B4A-11D0-8D11-00A0C91BC942}") = "mff-cpp", "mff-cpp\mff-cpp.vcxproj", "{C363986D-3C75-44CE-AC64-874BFAD82A06}"
EndProject
Project("{8BC9CEB8-8B4A-11D0-8D11-00A0C91BC942}") = "DataAggregation", "DataAggregation\DataAggregation.vcxproj", "{9B4AA6E6-3DC6-44C1-A2E4-811E30C998AB}"
EndProject
Project("{8BC9CEB8-8B4A-11D0-8D11-00A0C91BC942}") = "Calculator", "Calculator\Calculator.vcxproj", "{EAEE277E-FB02-490B-A802-99FE5E8DB60B}"
EndProject
Project("{2150E333-8FDC-42A3-9474-1A3956D46DE8}") = "Docs", "Docs", "{C6836500-8427-4F3E-B09D-21C79FB4E799}"
	ProjectSection(SolutionItems) = preProject
		Docs\ex07.pdf = Docs\ex07.pdf
		Docs\test.input = Docs\test.input
		Docs\test.output = Docs\test.output
	EndProjectSection
EndProject
Global
	GlobalSection(SolutionConfigurationPlatforms) = preSolution
		Debug|x64 = Debug|x64
		Debug|x86 = Debug|x86
		Release|x64 = Release|x64
		Release|x86 = Release|x86
	EndGlobalSection
	GlobalSection(ProjectConfigurationPlatforms) = postSolution
		{C363986D-3C75-44CE-AC64-874BFAD82A06}.Debug|x64.ActiveCfg = Debug|x64
		{C363986D-3C75-44CE-AC64-874BFAD82A06}.Debug|x64.Build.0 = Debug|x64
		{C363986D-3C75-44CE-AC64-874BFAD82A06}.Debug|x86.ActiveCfg = Debug|Win32
		{C363986D-3C75-44CE-AC64-874BFAD82A06}.Debug|x86.Build.0 = Debug|Win32
		{C363986D-3C75-44CE-AC64-874BFAD82A06}.Release|x64.ActiveCfg = Release|x64
		{C363986D-3C75-44CE-AC64-874BFAD82A06}.Release|x64.Build.0 = Release|x64
		{C363986D-3C75-44CE-AC64-874BFAD82A06}.Release|x86.ActiveCfg = Release|Win32
		{C363986D-3C75-44CE-AC64-874BFAD82A06}.Release|x86.Build.0 = Release|Win32
		{9B4AA6E6-3DC6-44C1-A2E4-811E30C998AB}.Debug|x64.ActiveCfg = Debug|x64
		{9B4AA6E6-3DC6-44C1-A2E4-811E30C998AB}.Debug|x64.Build.0 = Debug|x64
		{9B4AA6E6-3DC6-44C1-A2E4-811E30C998AB}.Debug|x86.ActiveCfg = Debug|Win32
		{9B4AA6E6-3DC6-44C1-A2E4-811E30C998AB}.Debug|x86.Build.0 = Debug|Win32
		{9B4AA6E6-3DC6-44C1-A2E4-811E30C998AB}.Release|x64.ActiveCfg = Release|x64
		{9B4AA6E6-3DC6-44C1-A2E4-811E30C998AB}.Release|x64.Build.0 = Release|x64
		{9B4AA6E6-3DC6-44C1-A2E4-811E30C998AB}.Release|x86.ActiveCfg = Release|Win32
		{9B4AA6E6-3DC6-44C1-A2E4-811E30C998AB}.Release|x86.Build.0 = Release|Win32
		{EAEE277E-FB02-490B-A802-99FE5E8DB60B}.Debug|x64.ActiveCfg = Debug|x64
		{EAEE277E-FB02-490B-A802-99FE5E8DB60B}.Debug|x64.Build.0 = Debug|x64
		{EAEE277E-FB02-490B-A802-99FE5E8DB60B}.Debug|x86.ActiveCfg = Debug|Win32
		{EAEE277E-FB02-490B-A802-99FE5E8DB60B}.Debug|x86.Build.0 = Debug|Win32
		{EAEE277E-FB02-490B-A802-99FE5E8DB60B}.Release|x64.ActiveCfg = Release|x64
		{EAEE277E-FB02-490B-A802-99FE5E8DB60B}.Release|x64.Build.0 = Release|x64
		{EAEE277E-FB02-490B-A802-99FE5E8DB60B}.Release|x86.ActiveCfg = Release|Win32
		{EAEE277E-FB02-490B-A802-99FE5E8DB60B}.Release|x86.Build.0 = Release|Win32
	EndGlobalSection
	GlobalSection(SolutionProperties) = preSolution
		HideSolutionNode = FALSE
	EndGlobalSection
	GlobalSection(ExtensibilityGlobals) = postSolution
		SolutionGuid = {4F03A7E1-11AF-449E-A21E-0B0B83F67EA7}
	EndGlobalSection
EndGlobal
